
Microsoft Visual Studio Solution File, Format Version 12.00
# Visual Studio Version 16
VisualStudioVersion = 16.0.29926.136
MinimumVisualStudioVersion = 10.0.40219.1
Project("{2150E333-8FDC-42A3-9474-1A3956D46DE8}") = "01. Clients", "01. Clients", "{98FAC2B2-9537-4264-9C1F-2A013A0D3A43}"
EndProject
Project("{2150E333-8FDC-42A3-9474-1A3956D46DE8}") = "02. ApiGateways", "02. ApiGateways", "{B897C658-F0BC-4426-948F-07887A88B0A3}"
EndProject
Project("{2150E333-8FDC-42A3-9474-1A3956D46DE8}") = "03. Services", "03. Services", "{AFE1F14E-F9EC-42C4-A863-4228C86C03F5}"
EndProject
Project("{2150E333-8FDC-42A3-9474-1A3956D46DE8}") = "01. Identity", "01. Identity", "{0533BB2F-B105-4D1D-ACD8-BD74588BA3A9}"
EndProject
Project("{2150E333-8FDC-42A3-9474-1A3956D46DE8}") = "02. Catalog", "02. Catalog", "{F23B082D-F8F0-4C40-ADB8-995B0FFCEE32}"
EndProject
Project("{2150E333-8FDC-42A3-9474-1A3956D46DE8}") = "03. Customer", "03. Customer", "{933CEA11-A34E-4AA9-9254-E0612C37C8EE}"
EndProject
Project("{2150E333-8FDC-42A3-9474-1A3956D46DE8}") = "04. Order", "04. Order", "{7EBF7842-AD5E-4831-A0CA-5B8DEA0465C2}"
EndProject
Project("{2150E333-8FDC-42A3-9474-1A3956D46DE8}") = "05. Provider", "05. Provider", "{97DDDC89-A06D-4B64-9C55-1F5DA3E92E6D}"
EndProject
Project("{9A19103F-16F7-4668-BE54-9A1E7A4F7556}") = "Catalog.Api", "src\Services\Catalog\Catalog.Api\Catalog.Api.csproj", "{115AC271-CFBB-415D-BAFC-E6E39D80A3B7}"
EndProject
Project("{2150E333-8FDC-42A3-9474-1A3956D46DE8}") = "01. API", "01. API", "{502088AF-1CE5-4AA4-B617-A49C6AE7E8F6}"
EndProject
Project("{2150E333-8FDC-42A3-9474-1A3956D46DE8}") = "02. Services", "02. Services", "{3A05FB53-01F1-45AA-B98F-470B1BCEC912}"
EndProject
Project("{2150E333-8FDC-42A3-9474-1A3956D46DE8}") = "03. Persistence", "03. Persistence", "{230B2009-A7D9-4B1A-A789-CB60BFBB31F3}"
EndProject
Project("{2150E333-8FDC-42A3-9474-1A3956D46DE8}") = "04. Models", "04. Models", "{F82A1266-9F05-4536-9A92-B6DA902F59F9}"
EndProject
Project("{9A19103F-16F7-4668-BE54-9A1E7A4F7556}") = "Catalog.Domain", "src\Services\Catalog\Catalog.Domain\Catalog.Domain.csproj", "{5DE16AC5-312B-4C9C-8E23-F3FB0D3E1C08}"
EndProject
Project("{9A19103F-16F7-4668-BE54-9A1E7A4F7556}") = "Catalog.Persistence.Database", "src\Services\Catalog\Catalog.Persistence.Database\Catalog.Persistence.Database.csproj", "{D5A46C25-1E64-46A2-B714-45B918063DF1}"
EndProject
Project("{9A19103F-16F7-4668-BE54-9A1E7A4F7556}") = "Catalog.Service.Queries", "src\Services\Catalog\Catalog.Service.Queries\Catalog.Service.Queries.csproj", "{217D8BCC-AE99-475A-AC9C-60EFB5BD46DA}"
EndProject
Project("{2150E333-8FDC-42A3-9474-1A3956D46DE8}") = "Common", "Common", "{BF2C945A-91FA-49C0-A3A8-C694AFF4A682}"
EndProject
Project("{9A19103F-16F7-4668-BE54-9A1E7A4F7556}") = "Service.Common.Collection", "src\Services\Common\Service.Common.Collection\Service.Common.Collection.csproj", "{BC20BD35-D3D2-4B83-B81F-B311CA47F84E}"
EndProject
Project("{9A19103F-16F7-4668-BE54-9A1E7A4F7556}") = "Service.Common.Mapping", "src\Services\Common\Service.Common.Mapping\Service.Common.Mapping.csproj", "{9E7B752C-B264-4450-889A-6B898D2438E2}"
EndProject
Project("{9A19103F-16F7-4668-BE54-9A1E7A4F7556}") = "Service.Common.Paging", "src\Services\Common\Services.Common.Paging\Service.Common.Paging.csproj", "{FF45C7E3-9DAE-4ECA-8977-2B3C98B05E8A}"
EndProject
Project("{9A19103F-16F7-4668-BE54-9A1E7A4F7556}") = "Catalog.Services.EventHandlers", "src\Services\Catalog\Catalog.Services.EventHandlers\Catalog.Services.EventHandlers.csproj", "{F60A595A-121B-4161-88C8-61FD9808AAAB}"
EndProject
Project("{2150E333-8FDC-42A3-9474-1A3956D46DE8}") = "01. API", "01. API", "{2F67D3BA-D317-4DFC-A777-DC6E6EF226B7}"
EndProject
Project("{2150E333-8FDC-42A3-9474-1A3956D46DE8}") = "02. Services", "02. Services", "{9F1A90C3-01AF-4C2E-B209-68003DD88F7B}"
EndProject
Project("{2150E333-8FDC-42A3-9474-1A3956D46DE8}") = "03. Persistence", "03. Persistence", "{AA61E709-0108-4594-A666-816BD0599DDF}"
EndProject
Project("{2150E333-8FDC-42A3-9474-1A3956D46DE8}") = "04. Models", "04. Models", "{7E7ED117-13CD-43DE-955D-FD435195CDE4}"
EndProject
Project("{9A19103F-16F7-4668-BE54-9A1E7A4F7556}") = "Provider.Api", "src\Services\Provider\Provider.Api\Provider.Api.csproj", "{72325CC9-E258-48CE-9512-1210850BBC82}"
EndProject
Project("{9A19103F-16F7-4668-BE54-9A1E7A4F7556}") = "Provider.Service.Queries", "src\Services\Provider\Provider.Service.Queries\Provider.Service.Queries.csproj", "{DB05AB0E-CE7A-43BD-97B1-331350E1FB5A}"
EndProject
Project("{9A19103F-16F7-4668-BE54-9A1E7A4F7556}") = "Provider.Persistence.Database", "src\Services\Provider\Provider.Persistence.Database\Provider.Persistence.Database.csproj", "{E1EC25D1-EBA1-4681-8C93-B5340FE65410}"
EndProject
Project("{9A19103F-16F7-4668-BE54-9A1E7A4F7556}") = "Provider.Domain", "src\Services\Provider\Provider.Domain\Provider.Domain.csproj", "{93A49421-FD6C-4D87-9937-18A393794914}"
EndProject
Project("{9A19103F-16F7-4668-BE54-9A1E7A4F7556}") = "Provider.Services.EventHandlers", "src\Services\Provider\Provider.Services.EventHandlers\Provider.Services.EventHandlers.csproj", "{8889AACC-52FD-4C25-830C-07B90DB58797}"
EndProject
Global
	GlobalSection(SolutionConfigurationPlatforms) = preSolution
		Debug|Any CPU = Debug|Any CPU
		Release|Any CPU = Release|Any CPU
	EndGlobalSection
	GlobalSection(ProjectConfigurationPlatforms) = postSolution
		{115AC271-CFBB-415D-BAFC-E6E39D80A3B7}.Debug|Any CPU.ActiveCfg = Debug|Any CPU
		{115AC271-CFBB-415D-BAFC-E6E39D80A3B7}.Debug|Any CPU.Build.0 = Debug|Any CPU
		{115AC271-CFBB-415D-BAFC-E6E39D80A3B7}.Release|Any CPU.ActiveCfg = Release|Any CPU
		{115AC271-CFBB-415D-BAFC-E6E39D80A3B7}.Release|Any CPU.Build.0 = Release|Any CPU
		{5DE16AC5-312B-4C9C-8E23-F3FB0D3E1C08}.Debug|Any CPU.ActiveCfg = Debug|Any CPU
		{5DE16AC5-312B-4C9C-8E23-F3FB0D3E1C08}.Debug|Any CPU.Build.0 = Debug|Any CPU
		{5DE16AC5-312B-4C9C-8E23-F3FB0D3E1C08}.Release|Any CPU.ActiveCfg = Release|Any CPU
		{5DE16AC5-312B-4C9C-8E23-F3FB0D3E1C08}.Release|Any CPU.Build.0 = Release|Any CPU
		{D5A46C25-1E64-46A2-B714-45B918063DF1}.Debug|Any CPU.ActiveCfg = Debug|Any CPU
		{D5A46C25-1E64-46A2-B714-45B918063DF1}.Debug|Any CPU.Build.0 = Debug|Any CPU
		{D5A46C25-1E64-46A2-B714-45B918063DF1}.Release|Any CPU.ActiveCfg = Release|Any CPU
		{D5A46C25-1E64-46A2-B714-45B918063DF1}.Release|Any CPU.Build.0 = Release|Any CPU
		{217D8BCC-AE99-475A-AC9C-60EFB5BD46DA}.Debug|Any CPU.ActiveCfg = Debug|Any CPU
		{217D8BCC-AE99-475A-AC9C-60EFB5BD46DA}.Debug|Any CPU.Build.0 = Debug|Any CPU
		{217D8BCC-AE99-475A-AC9C-60EFB5BD46DA}.Release|Any CPU.ActiveCfg = Release|Any CPU
		{217D8BCC-AE99-475A-AC9C-60EFB5BD46DA}.Release|Any CPU.Build.0 = Release|Any CPU
		{BC20BD35-D3D2-4B83-B81F-B311CA47F84E}.Debug|Any CPU.ActiveCfg = Debug|Any CPU
		{BC20BD35-D3D2-4B83-B81F-B311CA47F84E}.Debug|Any CPU.Build.0 = Debug|Any CPU
		{BC20BD35-D3D2-4B83-B81F-B311CA47F84E}.Release|Any CPU.ActiveCfg = Release|Any CPU
		{BC20BD35-D3D2-4B83-B81F-B311CA47F84E}.Release|Any CPU.Build.0 = Release|Any CPU
		{9E7B752C-B264-4450-889A-6B898D2438E2}.Debug|Any CPU.ActiveCfg = Debug|Any CPU
		{9E7B752C-B264-4450-889A-6B898D2438E2}.Debug|Any CPU.Build.0 = Debug|Any CPU
		{9E7B752C-B264-4450-889A-6B898D2438E2}.Release|Any CPU.ActiveCfg = Release|Any CPU
		{9E7B752C-B264-4450-889A-6B898D2438E2}.Release|Any CPU.Build.0 = Release|Any CPU
		{FF45C7E3-9DAE-4ECA-8977-2B3C98B05E8A}.Debug|Any CPU.ActiveCfg = Debug|Any CPU
		{FF45C7E3-9DAE-4ECA-8977-2B3C98B05E8A}.Debug|Any CPU.Build.0 = Debug|Any CPU
		{FF45C7E3-9DAE-4ECA-8977-2B3C98B05E8A}.Release|Any CPU.ActiveCfg = Release|Any CPU
		{FF45C7E3-9DAE-4ECA-8977-2B3C98B05E8A}.Release|Any CPU.Build.0 = Release|Any CPU
		{F60A595A-121B-4161-88C8-61FD9808AAAB}.Debug|Any CPU.ActiveCfg = Debug|Any CPU
		{F60A595A-121B-4161-88C8-61FD9808AAAB}.Debug|Any CPU.Build.0 = Debug|Any CPU
		{F60A595A-121B-4161-88C8-61FD9808AAAB}.Release|Any CPU.ActiveCfg = Release|Any CPU
		{F60A595A-121B-4161-88C8-61FD9808AAAB}.Release|Any CPU.Build.0 = Release|Any CPU
		{72325CC9-E258-48CE-9512-1210850BBC82}.Debug|Any CPU.ActiveCfg = Debug|Any CPU
		{72325CC9-E258-48CE-9512-1210850BBC82}.Debug|Any CPU.Build.0 = Debug|Any CPU
		{72325CC9-E258-48CE-9512-1210850BBC82}.Release|Any CPU.ActiveCfg = Release|Any CPU
		{72325CC9-E258-48CE-9512-1210850BBC82}.Release|Any CPU.Build.0 = Release|Any CPU
		{DB05AB0E-CE7A-43BD-97B1-331350E1FB5A}.Debug|Any CPU.ActiveCfg = Debug|Any CPU
		{DB05AB0E-CE7A-43BD-97B1-331350E1FB5A}.Debug|Any CPU.Build.0 = Debug|Any CPU
		{DB05AB0E-CE7A-43BD-97B1-331350E1FB5A}.Release|Any CPU.ActiveCfg = Release|Any CPU
		{DB05AB0E-CE7A-43BD-97B1-331350E1FB5A}.Release|Any CPU.Build.0 = Release|Any CPU
		{E1EC25D1-EBA1-4681-8C93-B5340FE65410}.Debug|Any CPU.ActiveCfg = Debug|Any CPU
		{E1EC25D1-EBA1-4681-8C93-B5340FE65410}.Debug|Any CPU.Build.0 = Debug|Any CPU
		{E1EC25D1-EBA1-4681-8C93-B5340FE65410}.Release|Any CPU.ActiveCfg = Release|Any CPU
		{E1EC25D1-EBA1-4681-8C93-B5340FE65410}.Release|Any CPU.Build.0 = Release|Any CPU
		{93A49421-FD6C-4D87-9937-18A393794914}.Debug|Any CPU.ActiveCfg = Debug|Any CPU
		{93A49421-FD6C-4D87-9937-18A393794914}.Debug|Any CPU.Build.0 = Debug|Any CPU
		{93A49421-FD6C-4D87-9937-18A393794914}.Release|Any CPU.ActiveCfg = Release|Any CPU
		{93A49421-FD6C-4D87-9937-18A393794914}.Release|Any CPU.Build.0 = Release|Any CPU
		{8889AACC-52FD-4C25-830C-07B90DB58797}.Debug|Any CPU.ActiveCfg = Debug|Any CPU
		{8889AACC-52FD-4C25-830C-07B90DB58797}.Debug|Any CPU.Build.0 = Debug|Any CPU
		{8889AACC-52FD-4C25-830C-07B90DB58797}.Release|Any CPU.ActiveCfg = Release|Any CPU
		{8889AACC-52FD-4C25-830C-07B90DB58797}.Release|Any CPU.Build.0 = Release|Any CPU
	EndGlobalSection
	GlobalSection(SolutionProperties) = preSolution
		HideSolutionNode = FALSE
	EndGlobalSection
	GlobalSection(NestedProjects) = preSolution
		{0533BB2F-B105-4D1D-ACD8-BD74588BA3A9} = {AFE1F14E-F9EC-42C4-A863-4228C86C03F5}
		{F23B082D-F8F0-4C40-ADB8-995B0FFCEE32} = {AFE1F14E-F9EC-42C4-A863-4228C86C03F5}
		{933CEA11-A34E-4AA9-9254-E0612C37C8EE} = {AFE1F14E-F9EC-42C4-A863-4228C86C03F5}
		{7EBF7842-AD5E-4831-A0CA-5B8DEA0465C2} = {AFE1F14E-F9EC-42C4-A863-4228C86C03F5}
		{97DDDC89-A06D-4B64-9C55-1F5DA3E92E6D} = {AFE1F14E-F9EC-42C4-A863-4228C86C03F5}
		{115AC271-CFBB-415D-BAFC-E6E39D80A3B7} = {502088AF-1CE5-4AA4-B617-A49C6AE7E8F6}
		{502088AF-1CE5-4AA4-B617-A49C6AE7E8F6} = {F23B082D-F8F0-4C40-ADB8-995B0FFCEE32}
		{3A05FB53-01F1-45AA-B98F-470B1BCEC912} = {F23B082D-F8F0-4C40-ADB8-995B0FFCEE32}
		{230B2009-A7D9-4B1A-A789-CB60BFBB31F3} = {F23B082D-F8F0-4C40-ADB8-995B0FFCEE32}
		{F82A1266-9F05-4536-9A92-B6DA902F59F9} = {F23B082D-F8F0-4C40-ADB8-995B0FFCEE32}
		{5DE16AC5-312B-4C9C-8E23-F3FB0D3E1C08} = {F82A1266-9F05-4536-9A92-B6DA902F59F9}
		{D5A46C25-1E64-46A2-B714-45B918063DF1} = {230B2009-A7D9-4B1A-A789-CB60BFBB31F3}
		{217D8BCC-AE99-475A-AC9C-60EFB5BD46DA} = {3A05FB53-01F1-45AA-B98F-470B1BCEC912}
		{BF2C945A-91FA-49C0-A3A8-C694AFF4A682} = {AFE1F14E-F9EC-42C4-A863-4228C86C03F5}
		{BC20BD35-D3D2-4B83-B81F-B311CA47F84E} = {BF2C945A-91FA-49C0-A3A8-C694AFF4A682}
		{9E7B752C-B264-4450-889A-6B898D2438E2} = {BF2C945A-91FA-49C0-A3A8-C694AFF4A682}
		{FF45C7E3-9DAE-4ECA-8977-2B3C98B05E8A} = {BF2C945A-91FA-49C0-A3A8-C694AFF4A682}
		{F60A595A-121B-4161-88C8-61FD9808AAAB} = {3A05FB53-01F1-45AA-B98F-470B1BCEC912}
		{2F67D3BA-D317-4DFC-A777-DC6E6EF226B7} = {97DDDC89-A06D-4B64-9C55-1F5DA3E92E6D}
		{9F1A90C3-01AF-4C2E-B209-68003DD88F7B} = {97DDDC89-A06D-4B64-9C55-1F5DA3E92E6D}
		{AA61E709-0108-4594-A666-816BD0599DDF} = {97DDDC89-A06D-4B64-9C55-1F5DA3E92E6D}
		{7E7ED117-13CD-43DE-955D-FD435195CDE4} = {97DDDC89-A06D-4B64-9C55-1F5DA3E92E6D}
		{72325CC9-E258-48CE-9512-1210850BBC82} = {2F67D3BA-D317-4DFC-A777-DC6E6EF226B7}
		{DB05AB0E-CE7A-43BD-97B1-331350E1FB5A} = {9F1A90C3-01AF-4C2E-B209-68003DD88F7B}
		{E1EC25D1-EBA1-4681-8C93-B5340FE65410} = {AA61E709-0108-4594-A666-816BD0599DDF}
		{93A49421-FD6C-4D87-9937-18A393794914} = {7E7ED117-13CD-43DE-955D-FD435195CDE4}
		{8889AACC-52FD-4C25-830C-07B90DB58797} = {9F1A90C3-01AF-4C2E-B209-68003DD88F7B}
	EndGlobalSection
	GlobalSection(ExtensibilityGlobals) = postSolution
		SolutionGuid = {465A9CAB-8F7D-48C6-AF69-850165647B87}
	EndGlobalSection
EndGlobal
